// !$*UTF8*$!
{
	archiveVersion = 1;
	classes = {
	};
	objectVersion = 77;
	objects = {

/* Begin PBXBuildFile section */
		D1829C222CEBF0D700920833 /* URnetworkSdk in Frameworks */ = {isa = PBXBuildFile; productRef = D1829C212CEBF0D700920833 /* URnetworkSdk */; };
		D1829C242CEBF0E300920833 /* URnetworkSdk in Frameworks */ = {isa = PBXBuildFile; productRef = D1829C232CEBF0E300920833 /* URnetworkSdk */; };
		D1B95A842CEBE76400542E0E /* NetworkExtension.framework in Frameworks */ = {isa = PBXBuildFile; fileRef = D1B95A832CEBE76400542E0E /* NetworkExtension.framework */; };
		D1B95A8C2CEBE76400542E0E /* URnetworkVPN.appex in Embed Foundation Extensions */ = {isa = PBXBuildFile; fileRef = D1B95A812CEBE76400542E0E /* URnetworkVPN.appex */; settings = {ATTRIBUTES = (RemoveHeadersOnCopy, ); }; };
/* End PBXBuildFile section */

/* Begin PBXContainerItemProxy section */
		D1B95A612CEBDD6A00542E0E /* PBXContainerItemProxy */ = {
			isa = PBXContainerItemProxy;
			containerPortal = D1B95A472CEBDD6900542E0E /* Project object */;
			proxyType = 1;
			remoteGlobalIDString = D1B95A4E2CEBDD6900542E0E;
			remoteInfo = network;
		};
		D1B95A6B2CEBDD6A00542E0E /* PBXContainerItemProxy */ = {
			isa = PBXContainerItemProxy;
			containerPortal = D1B95A472CEBDD6900542E0E /* Project object */;
			proxyType = 1;
			remoteGlobalIDString = D1B95A4E2CEBDD6900542E0E;
			remoteInfo = network;
		};
		D1B95A8A2CEBE76400542E0E /* PBXContainerItemProxy */ = {
			isa = PBXContainerItemProxy;
			containerPortal = D1B95A472CEBDD6900542E0E /* Project object */;
			proxyType = 1;
			remoteGlobalIDString = D1B95A802CEBE76400542E0E;
			remoteInfo = extension;
		};
/* End PBXContainerItemProxy section */

/* Begin PBXCopyFilesBuildPhase section */
		D1B95A912CEBE76400542E0E /* Embed Foundation Extensions */ = {
			isa = PBXCopyFilesBuildPhase;
			buildActionMask = 2147483647;
			dstPath = "";
			dstSubfolderSpec = 13;
			files = (
				D1B95A8C2CEBE76400542E0E /* URnetworkVPN.appex in Embed Foundation Extensions */,
			);
			name = "Embed Foundation Extensions";
			runOnlyForDeploymentPostprocessing = 0;
		};
/* End PBXCopyFilesBuildPhase section */

/* Begin PBXFileReference section */
		178F47EA2CEDA80A00CD9C3D /* URnetwork-Info.plist */ = {isa = PBXFileReference; lastKnownFileType = text.plist; path = "URnetwork-Info.plist"; sourceTree = "<group>"; };
		D1B95A4F2CEBDD6900542E0E /* URnetwork.app */ = {isa = PBXFileReference; explicitFileType = wrapper.application; includeInIndex = 0; path = URnetwork.app; sourceTree = BUILT_PRODUCTS_DIR; };
		D1B95A602CEBDD6A00542E0E /* networkTests.xctest */ = {isa = PBXFileReference; explicitFileType = wrapper.cfbundle; includeInIndex = 0; path = networkTests.xctest; sourceTree = BUILT_PRODUCTS_DIR; };
		D1B95A6A2CEBDD6A00542E0E /* networkUITests.xctest */ = {isa = PBXFileReference; explicitFileType = wrapper.cfbundle; includeInIndex = 0; path = networkUITests.xctest; sourceTree = BUILT_PRODUCTS_DIR; };
		D1B95A812CEBE76400542E0E /* URnetworkVPN.appex */ = {isa = PBXFileReference; explicitFileType = "wrapper.app-extension"; includeInIndex = 0; path = URnetworkVPN.appex; sourceTree = BUILT_PRODUCTS_DIR; };
		D1B95A832CEBE76400542E0E /* NetworkExtension.framework */ = {isa = PBXFileReference; lastKnownFileType = wrapper.framework; name = NetworkExtension.framework; path = System/Library/Frameworks/NetworkExtension.framework; sourceTree = SDKROOT; };
/* End PBXFileReference section */

/* Begin PBXFileSystemSynchronizedBuildFileExceptionSet section */
		D1B95A8D2CEBE76400542E0E /* Exceptions for "extension" folder in "URnetworkVPN" target */ = {
			isa = PBXFileSystemSynchronizedBuildFileExceptionSet;
			membershipExceptions = (
				Info.plist,
			);
			target = D1B95A802CEBE76400542E0E /* URnetworkVPN */;
		};
/* End PBXFileSystemSynchronizedBuildFileExceptionSet section */

/* Begin PBXFileSystemSynchronizedRootGroup section */
		D1B95A512CEBDD6900542E0E /* network */ = {
			isa = PBXFileSystemSynchronizedRootGroup;
			path = network;
			sourceTree = "<group>";
		};
		D1B95A632CEBDD6A00542E0E /* networkTests */ = {
			isa = PBXFileSystemSynchronizedRootGroup;
			path = networkTests;
			sourceTree = "<group>";
		};
		D1B95A6D2CEBDD6A00542E0E /* networkUITests */ = {
			isa = PBXFileSystemSynchronizedRootGroup;
			path = networkUITests;
			sourceTree = "<group>";
		};
		D1B95A852CEBE76400542E0E /* extension */ = {
			isa = PBXFileSystemSynchronizedRootGroup;
			exceptions = (
				D1B95A8D2CEBE76400542E0E /* Exceptions for "extension" folder in "URnetworkVPN" target */,
			);
			path = extension;
			sourceTree = "<group>";
		};
/* End PBXFileSystemSynchronizedRootGroup section */

/* Begin PBXFrameworksBuildPhase section */
		D1B95A4C2CEBDD6900542E0E /* Frameworks */ = {
			isa = PBXFrameworksBuildPhase;
			buildActionMask = 2147483647;
			files = (
				D1829C222CEBF0D700920833 /* URnetworkSdk in Frameworks */,
			);
			runOnlyForDeploymentPostprocessing = 0;
		};
		D1B95A5D2CEBDD6A00542E0E /* Frameworks */ = {
			isa = PBXFrameworksBuildPhase;
			buildActionMask = 2147483647;
			files = (
			);
			runOnlyForDeploymentPostprocessing = 0;
		};
		D1B95A672CEBDD6A00542E0E /* Frameworks */ = {
			isa = PBXFrameworksBuildPhase;
			buildActionMask = 2147483647;
			files = (
			);
			runOnlyForDeploymentPostprocessing = 0;
		};
		D1B95A7E2CEBE76400542E0E /* Frameworks */ = {
			isa = PBXFrameworksBuildPhase;
			buildActionMask = 2147483647;
			files = (
				D1B95A842CEBE76400542E0E /* NetworkExtension.framework in Frameworks */,
				D1829C242CEBF0E300920833 /* URnetworkSdk in Frameworks */,
			);
			runOnlyForDeploymentPostprocessing = 0;
		};
/* End PBXFrameworksBuildPhase section */

/* Begin PBXGroup section */
		D1B95A462CEBDD6900542E0E = {
			isa = PBXGroup;
			children = (
				178F47EA2CEDA80A00CD9C3D /* URnetwork-Info.plist */,
				D1B95A512CEBDD6900542E0E /* network */,
				D1B95A632CEBDD6A00542E0E /* networkTests */,
				D1B95A6D2CEBDD6A00542E0E /* networkUITests */,
				D1B95A852CEBE76400542E0E /* extension */,
				D1B95A822CEBE76400542E0E /* Frameworks */,
				D1B95A502CEBDD6900542E0E /* Products */,
			);
			sourceTree = "<group>";
		};
		D1B95A502CEBDD6900542E0E /* Products */ = {
			isa = PBXGroup;
			children = (
				D1B95A4F2CEBDD6900542E0E /* URnetwork.app */,
				D1B95A602CEBDD6A00542E0E /* networkTests.xctest */,
				D1B95A6A2CEBDD6A00542E0E /* networkUITests.xctest */,
				D1B95A812CEBE76400542E0E /* URnetworkVPN.appex */,
			);
			name = Products;
			sourceTree = "<group>";
		};
		D1B95A822CEBE76400542E0E /* Frameworks */ = {
			isa = PBXGroup;
			children = (
				D1B95A832CEBE76400542E0E /* NetworkExtension.framework */,
			);
			name = Frameworks;
			sourceTree = "<group>";
		};
/* End PBXGroup section */

/* Begin PBXNativeTarget section */
		D1B95A4E2CEBDD6900542E0E /* URnetwork */ = {
			isa = PBXNativeTarget;
			buildConfigurationList = D1B95A742CEBDD6B00542E0E /* Build configuration list for PBXNativeTarget "URnetwork" */;
			buildPhases = (
				D1B95A4B2CEBDD6900542E0E /* Sources */,
				D1B95A4C2CEBDD6900542E0E /* Frameworks */,
				D1B95A4D2CEBDD6900542E0E /* Resources */,
				D1B95A912CEBE76400542E0E /* Embed Foundation Extensions */,
				D1B95A922CEBE7D200542E0E /* ShellScript */,
			);
			buildRules = (
			);
			dependencies = (
				D1B95A8B2CEBE76400542E0E /* PBXTargetDependency */,
			);
			fileSystemSynchronizedGroups = (
				D1B95A512CEBDD6900542E0E /* network */,
			);
			name = URnetwork;
			packageProductDependencies = (
				D1829C212CEBF0D700920833 /* URnetworkSdk */,
			);
			productName = network;
			productReference = D1B95A4F2CEBDD6900542E0E /* URnetwork.app */;
			productType = "com.apple.product-type.application";
		};
		D1B95A5F2CEBDD6A00542E0E /* networkTests */ = {
			isa = PBXNativeTarget;
			buildConfigurationList = D1B95A772CEBDD6B00542E0E /* Build configuration list for PBXNativeTarget "networkTests" */;
			buildPhases = (
				D1B95A5C2CEBDD6A00542E0E /* Sources */,
				D1B95A5D2CEBDD6A00542E0E /* Frameworks */,
				D1B95A5E2CEBDD6A00542E0E /* Resources */,
			);
			buildRules = (
			);
			dependencies = (
				D1B95A622CEBDD6A00542E0E /* PBXTargetDependency */,
			);
			fileSystemSynchronizedGroups = (
				D1B95A632CEBDD6A00542E0E /* networkTests */,
			);
			name = networkTests;
			packageProductDependencies = (
			);
			productName = networkTests;
			productReference = D1B95A602CEBDD6A00542E0E /* networkTests.xctest */;
			productType = "com.apple.product-type.bundle.unit-test";
		};
		D1B95A692CEBDD6A00542E0E /* networkUITests */ = {
			isa = PBXNativeTarget;
			buildConfigurationList = D1B95A7A2CEBDD6B00542E0E /* Build configuration list for PBXNativeTarget "networkUITests" */;
			buildPhases = (
				D1B95A662CEBDD6A00542E0E /* Sources */,
				D1B95A672CEBDD6A00542E0E /* Frameworks */,
				D1B95A682CEBDD6A00542E0E /* Resources */,
			);
			buildRules = (
			);
			dependencies = (
				D1B95A6C2CEBDD6A00542E0E /* PBXTargetDependency */,
			);
			fileSystemSynchronizedGroups = (
				D1B95A6D2CEBDD6A00542E0E /* networkUITests */,
			);
			name = networkUITests;
			packageProductDependencies = (
			);
			productName = networkUITests;
			productReference = D1B95A6A2CEBDD6A00542E0E /* networkUITests.xctest */;
			productType = "com.apple.product-type.bundle.ui-testing";
		};
		D1B95A802CEBE76400542E0E /* URnetworkVPN */ = {
			isa = PBXNativeTarget;
			buildConfigurationList = D1B95A8E2CEBE76400542E0E /* Build configuration list for PBXNativeTarget "URnetworkVPN" */;
			buildPhases = (
				D1B95A7D2CEBE76400542E0E /* Sources */,
				D1B95A7E2CEBE76400542E0E /* Frameworks */,
				D1B95A7F2CEBE76400542E0E /* Resources */,
				D1829C1F2CEBEECB00920833 /* ShellScript */,
			);
			buildRules = (
			);
			dependencies = (
			);
			fileSystemSynchronizedGroups = (
				D1B95A852CEBE76400542E0E /* extension */,
			);
			name = URnetworkVPN;
			packageProductDependencies = (
				D1829C232CEBF0E300920833 /* URnetworkSdk */,
			);
			productName = extension;
			productReference = D1B95A812CEBE76400542E0E /* URnetworkVPN.appex */;
			productType = "com.apple.product-type.app-extension";
		};
/* End PBXNativeTarget section */

/* Begin PBXProject section */
		D1B95A472CEBDD6900542E0E /* Project object */ = {
			isa = PBXProject;
			attributes = {
				BuildIndependentTargetsInParallel = 1;
				LastSwiftUpdateCheck = 1610;
				LastUpgradeCheck = 1610;
				TargetAttributes = {
					D1B95A4E2CEBDD6900542E0E = {
						CreatedOnToolsVersion = 16.1;
					};
					D1B95A5F2CEBDD6A00542E0E = {
						CreatedOnToolsVersion = 16.1;
						TestTargetID = D1B95A4E2CEBDD6900542E0E;
					};
					D1B95A692CEBDD6A00542E0E = {
						CreatedOnToolsVersion = 16.1;
						TestTargetID = D1B95A4E2CEBDD6900542E0E;
					};
					D1B95A802CEBE76400542E0E = {
						CreatedOnToolsVersion = 16.1;
					};
				};
			};
			buildConfigurationList = D1B95A4A2CEBDD6900542E0E /* Build configuration list for PBXProject "network" */;
			developmentRegion = en;
			hasScannedForEncodings = 0;
			knownRegions = (
				en,
				Base,
				ar,
				fr,
				de,
				el,
				hi,
				he,
				id,
				it,
				ja,
				ko,
				pl,
				ru,
				es,
				"es-419",
				sv,
				th,
				uk,
				vi,
				"zh-HK",
				"zh-Hans",
				"pt-BR",
				"pt-PT",
			);
			mainGroup = D1B95A462CEBDD6900542E0E;
			minimizedProjectReferenceProxies = 1;
			packageReferences = (
				D1829C202CEBF08F00920833 /* XCLocalSwiftPackageReference "URnetworkSdk" */,
			);
			preferredProjectObjectVersion = 77;
			productRefGroup = D1B95A502CEBDD6900542E0E /* Products */;
			projectDirPath = "";
			projectRoot = "";
			targets = (
				D1B95A4E2CEBDD6900542E0E /* URnetwork */,
				D1B95A5F2CEBDD6A00542E0E /* networkTests */,
				D1B95A692CEBDD6A00542E0E /* networkUITests */,
				D1B95A802CEBE76400542E0E /* URnetworkVPN */,
			);
		};
/* End PBXProject section */

/* Begin PBXResourcesBuildPhase section */
		D1B95A4D2CEBDD6900542E0E /* Resources */ = {
			isa = PBXResourcesBuildPhase;
			buildActionMask = 2147483647;
			files = (
			);
			runOnlyForDeploymentPostprocessing = 0;
		};
		D1B95A5E2CEBDD6A00542E0E /* Resources */ = {
			isa = PBXResourcesBuildPhase;
			buildActionMask = 2147483647;
			files = (
			);
			runOnlyForDeploymentPostprocessing = 0;
		};
		D1B95A682CEBDD6A00542E0E /* Resources */ = {
			isa = PBXResourcesBuildPhase;
			buildActionMask = 2147483647;
			files = (
			);
			runOnlyForDeploymentPostprocessing = 0;
		};
		D1B95A7F2CEBE76400542E0E /* Resources */ = {
			isa = PBXResourcesBuildPhase;
			buildActionMask = 2147483647;
			files = (
			);
			runOnlyForDeploymentPostprocessing = 0;
		};
/* End PBXResourcesBuildPhase section */

/* Begin PBXShellScriptBuildPhase section */
		D1829C1F2CEBEECB00920833 /* ShellScript */ = {
			isa = PBXShellScriptBuildPhase;
			buildActionMask = 2147483647;
			files = (
			);
			inputFileListPaths = (
			);
			inputPaths = (
			);
			outputFileListPaths = (
			);
			outputPaths = (
			);
			runOnlyForDeploymentPostprocessing = 0;
			shellPath = /bin/bash;
			shellScript = "export BRINGYOUR_HOME=`realpath ../..`\nexport WARP_HOME=\"$BRINGYOUR_HOME\"\nexport WARP_VERSION_HOME=\"$BRINGYOUR_HOME/version\"\nexport PATH=\"$PATH:$BRINGYOUR_HOME/warp/warpctl/build/darwin/arm64\"\nexport PATH=\"$PATH:/usr/local/go/bin:$HOME/go/bin\"\ncd ../../sdk\nmake init\nmake build_ios\n";
		};
		D1B95A922CEBE7D200542E0E /* ShellScript */ = {
			isa = PBXShellScriptBuildPhase;
			buildActionMask = 8;
			files = (
			);
			inputFileListPaths = (
			);
			inputPaths = (
			);
			outputFileListPaths = (
			);
			outputPaths = (
			);
			runOnlyForDeploymentPostprocessing = 1;
			shellPath = /bin/bash;
			shellScript = "export BRINGYOUR_HOME=`realpath ../..`\nexport WARP_HOME=\"$BRINGYOUR_HOME\"\nexport WARP_VERSION_HOME=\"$BRINGYOUR_HOME/version\"\nexport PATH=\"$PATH:$BRINGYOUR_HOME/warp/warpctl/build/darwin/arm64\"\nexport PATH=\"$PATH:/usr/local/go/bin:$HOME/go/bin\"\ncd ../../sdk\nmake init\nmake build_ios\n";
		};
/* End PBXShellScriptBuildPhase section */

/* Begin PBXSourcesBuildPhase section */
		D1B95A4B2CEBDD6900542E0E /* Sources */ = {
			isa = PBXSourcesBuildPhase;
			buildActionMask = 2147483647;
			files = (
			);
			runOnlyForDeploymentPostprocessing = 0;
		};
		D1B95A5C2CEBDD6A00542E0E /* Sources */ = {
			isa = PBXSourcesBuildPhase;
			buildActionMask = 2147483647;
			files = (
			);
			runOnlyForDeploymentPostprocessing = 0;
		};
		D1B95A662CEBDD6A00542E0E /* Sources */ = {
			isa = PBXSourcesBuildPhase;
			buildActionMask = 2147483647;
			files = (
			);
			runOnlyForDeploymentPostprocessing = 0;
		};
		D1B95A7D2CEBE76400542E0E /* Sources */ = {
			isa = PBXSourcesBuildPhase;
			buildActionMask = 2147483647;
			files = (
			);
			runOnlyForDeploymentPostprocessing = 0;
		};
/* End PBXSourcesBuildPhase section */

/* Begin PBXTargetDependency section */
		D1B95A622CEBDD6A00542E0E /* PBXTargetDependency */ = {
			isa = PBXTargetDependency;
			target = D1B95A4E2CEBDD6900542E0E /* URnetwork */;
			targetProxy = D1B95A612CEBDD6A00542E0E /* PBXContainerItemProxy */;
		};
		D1B95A6C2CEBDD6A00542E0E /* PBXTargetDependency */ = {
			isa = PBXTargetDependency;
			target = D1B95A4E2CEBDD6900542E0E /* URnetwork */;
			targetProxy = D1B95A6B2CEBDD6A00542E0E /* PBXContainerItemProxy */;
		};
		D1B95A8B2CEBE76400542E0E /* PBXTargetDependency */ = {
			isa = PBXTargetDependency;
			target = D1B95A802CEBE76400542E0E /* URnetworkVPN */;
			targetProxy = D1B95A8A2CEBE76400542E0E /* PBXContainerItemProxy */;
		};
/* End PBXTargetDependency section */

/* Begin XCBuildConfiguration section */
		D1B95A722CEBDD6B00542E0E /* Debug */ = {
			isa = XCBuildConfiguration;
			buildSettings = {
				ALWAYS_SEARCH_USER_PATHS = NO;
				ASSETCATALOG_COMPILER_GENERATE_SWIFT_ASSET_SYMBOL_EXTENSIONS = YES;
				CLANG_ANALYZER_NONNULL = YES;
				CLANG_ANALYZER_NUMBER_OBJECT_CONVERSION = YES_AGGRESSIVE;
				CLANG_CXX_LANGUAGE_STANDARD = "gnu++20";
				CLANG_ENABLE_MODULES = YES;
				CLANG_ENABLE_OBJC_ARC = YES;
				CLANG_ENABLE_OBJC_WEAK = YES;
				CLANG_WARN_BLOCK_CAPTURE_AUTORELEASING = YES;
				CLANG_WARN_BOOL_CONVERSION = YES;
				CLANG_WARN_COMMA = YES;
				CLANG_WARN_CONSTANT_CONVERSION = YES;
				CLANG_WARN_DEPRECATED_OBJC_IMPLEMENTATIONS = YES;
				CLANG_WARN_DIRECT_OBJC_ISA_USAGE = YES_ERROR;
				CLANG_WARN_DOCUMENTATION_COMMENTS = YES;
				CLANG_WARN_EMPTY_BODY = YES;
				CLANG_WARN_ENUM_CONVERSION = YES;
				CLANG_WARN_INFINITE_RECURSION = YES;
				CLANG_WARN_INT_CONVERSION = YES;
				CLANG_WARN_NON_LITERAL_NULL_CONVERSION = YES;
				CLANG_WARN_OBJC_IMPLICIT_RETAIN_SELF = YES;
				CLANG_WARN_OBJC_LITERAL_CONVERSION = YES;
				CLANG_WARN_OBJC_ROOT_CLASS = YES_ERROR;
				CLANG_WARN_QUOTED_INCLUDE_IN_FRAMEWORK_HEADER = YES;
				CLANG_WARN_RANGE_LOOP_ANALYSIS = YES;
				CLANG_WARN_STRICT_PROTOTYPES = YES;
				CLANG_WARN_SUSPICIOUS_MOVE = YES;
				CLANG_WARN_UNGUARDED_AVAILABILITY = YES_AGGRESSIVE;
				CLANG_WARN_UNREACHABLE_CODE = YES;
				CLANG_WARN__DUPLICATE_METHOD_MATCH = YES;
				COPY_PHASE_STRIP = NO;
				DEBUG_INFORMATION_FORMAT = dwarf;
				ENABLE_STRICT_OBJC_MSGSEND = YES;
				ENABLE_TESTABILITY = YES;
				ENABLE_USER_SCRIPT_SANDBOXING = YES;
				GCC_C_LANGUAGE_STANDARD = gnu17;
				GCC_DYNAMIC_NO_PIC = NO;
				GCC_NO_COMMON_BLOCKS = YES;
				GCC_OPTIMIZATION_LEVEL = 0;
				GCC_PREPROCESSOR_DEFINITIONS = (
					"DEBUG=1",
					"$(inherited)",
				);
				GCC_WARN_64_TO_32_BIT_CONVERSION = YES;
				GCC_WARN_ABOUT_RETURN_TYPE = YES_ERROR;
				GCC_WARN_UNDECLARED_SELECTOR = YES;
				GCC_WARN_UNINITIALIZED_AUTOS = YES_AGGRESSIVE;
				GCC_WARN_UNUSED_FUNCTION = YES;
				GCC_WARN_UNUSED_VARIABLE = YES;
				LOCALIZATION_PREFERS_STRING_CATALOGS = YES;
				MTL_ENABLE_DEBUG_INFO = INCLUDE_SOURCE;
				MTL_FAST_MATH = YES;
				ONLY_ACTIVE_ARCH = YES;
				SWIFT_ACTIVE_COMPILATION_CONDITIONS = "DEBUG $(inherited)";
				SWIFT_EMIT_LOC_STRINGS = YES;
				SWIFT_OPTIMIZATION_LEVEL = "-Onone";
			};
			name = Debug;
		};
		D1B95A732CEBDD6B00542E0E /* Release */ = {
			isa = XCBuildConfiguration;
			buildSettings = {
				ALWAYS_SEARCH_USER_PATHS = NO;
				ASSETCATALOG_COMPILER_GENERATE_SWIFT_ASSET_SYMBOL_EXTENSIONS = YES;
				CLANG_ANALYZER_NONNULL = YES;
				CLANG_ANALYZER_NUMBER_OBJECT_CONVERSION = YES_AGGRESSIVE;
				CLANG_CXX_LANGUAGE_STANDARD = "gnu++20";
				CLANG_ENABLE_MODULES = YES;
				CLANG_ENABLE_OBJC_ARC = YES;
				CLANG_ENABLE_OBJC_WEAK = YES;
				CLANG_WARN_BLOCK_CAPTURE_AUTORELEASING = YES;
				CLANG_WARN_BOOL_CONVERSION = YES;
				CLANG_WARN_COMMA = YES;
				CLANG_WARN_CONSTANT_CONVERSION = YES;
				CLANG_WARN_DEPRECATED_OBJC_IMPLEMENTATIONS = YES;
				CLANG_WARN_DIRECT_OBJC_ISA_USAGE = YES_ERROR;
				CLANG_WARN_DOCUMENTATION_COMMENTS = YES;
				CLANG_WARN_EMPTY_BODY = YES;
				CLANG_WARN_ENUM_CONVERSION = YES;
				CLANG_WARN_INFINITE_RECURSION = YES;
				CLANG_WARN_INT_CONVERSION = YES;
				CLANG_WARN_NON_LITERAL_NULL_CONVERSION = YES;
				CLANG_WARN_OBJC_IMPLICIT_RETAIN_SELF = YES;
				CLANG_WARN_OBJC_LITERAL_CONVERSION = YES;
				CLANG_WARN_OBJC_ROOT_CLASS = YES_ERROR;
				CLANG_WARN_QUOTED_INCLUDE_IN_FRAMEWORK_HEADER = YES;
				CLANG_WARN_RANGE_LOOP_ANALYSIS = YES;
				CLANG_WARN_STRICT_PROTOTYPES = YES;
				CLANG_WARN_SUSPICIOUS_MOVE = YES;
				CLANG_WARN_UNGUARDED_AVAILABILITY = YES_AGGRESSIVE;
				CLANG_WARN_UNREACHABLE_CODE = YES;
				CLANG_WARN__DUPLICATE_METHOD_MATCH = YES;
				COPY_PHASE_STRIP = NO;
				DEBUG_INFORMATION_FORMAT = "dwarf-with-dsym";
				ENABLE_NS_ASSERTIONS = NO;
				ENABLE_STRICT_OBJC_MSGSEND = YES;
				ENABLE_USER_SCRIPT_SANDBOXING = YES;
				GCC_C_LANGUAGE_STANDARD = gnu17;
				GCC_NO_COMMON_BLOCKS = YES;
				GCC_WARN_64_TO_32_BIT_CONVERSION = YES;
				GCC_WARN_ABOUT_RETURN_TYPE = YES_ERROR;
				GCC_WARN_UNDECLARED_SELECTOR = YES;
				GCC_WARN_UNINITIALIZED_AUTOS = YES_AGGRESSIVE;
				GCC_WARN_UNUSED_FUNCTION = YES;
				GCC_WARN_UNUSED_VARIABLE = YES;
				LOCALIZATION_PREFERS_STRING_CATALOGS = YES;
				MTL_ENABLE_DEBUG_INFO = NO;
				MTL_FAST_MATH = YES;
				SWIFT_COMPILATION_MODE = wholemodule;
				SWIFT_EMIT_LOC_STRINGS = YES;
			};
			name = Release;
		};
		D1B95A752CEBDD6B00542E0E /* Debug */ = {
			isa = XCBuildConfiguration;
			buildSettings = {
				ASSETCATALOG_COMPILER_APPICON_NAME = AppIcon;
				ASSETCATALOG_COMPILER_GLOBAL_ACCENT_COLOR_NAME = AccentColor;
				CODE_SIGN_ENTITLEMENTS = network/network.entitlements;
				CODE_SIGN_STYLE = Automatic;
				CURRENT_PROJECT_VERSION = 1;
				DEVELOPMENT_ASSET_PATHS = "\"network/Preview Content\"";
				DEVELOPMENT_TEAM = DWD39RZH9Z;
				ENABLE_HARDENED_RUNTIME = YES;
				ENABLE_PREVIEWS = YES;
				GENERATE_INFOPLIST_FILE = YES;
				INFOPLIST_FILE = "URnetwork-Info.plist";
				"INFOPLIST_KEY_UIApplicationSceneManifest_Generation[sdk=iphoneos*]" = YES;
				"INFOPLIST_KEY_UIApplicationSceneManifest_Generation[sdk=iphonesimulator*]" = YES;
				"INFOPLIST_KEY_UIApplicationSupportsIndirectInputEvents[sdk=iphoneos*]" = YES;
				"INFOPLIST_KEY_UIApplicationSupportsIndirectInputEvents[sdk=iphonesimulator*]" = YES;
				"INFOPLIST_KEY_UILaunchScreen_Generation[sdk=iphoneos*]" = YES;
				"INFOPLIST_KEY_UILaunchScreen_Generation[sdk=iphonesimulator*]" = YES;
				"INFOPLIST_KEY_UIStatusBarStyle[sdk=iphoneos*]" = UIStatusBarStyleDefault;
				"INFOPLIST_KEY_UIStatusBarStyle[sdk=iphonesimulator*]" = UIStatusBarStyleDefault;
				INFOPLIST_KEY_UISupportedInterfaceOrientations_iPad = "UIInterfaceOrientationPortrait UIInterfaceOrientationPortraitUpsideDown UIInterfaceOrientationLandscapeLeft UIInterfaceOrientationLandscapeRight";
				INFOPLIST_KEY_UISupportedInterfaceOrientations_iPhone = "UIInterfaceOrientationPortrait UIInterfaceOrientationLandscapeLeft UIInterfaceOrientationLandscapeRight";
				IPHONEOS_DEPLOYMENT_TARGET = 16.6;
				LD_RUNPATH_SEARCH_PATHS = "@executable_path/Frameworks";
				"LD_RUNPATH_SEARCH_PATHS[sdk=macosx*]" = "@executable_path/../Frameworks";
				MACOSX_DEPLOYMENT_TARGET = 15.1;
				MARKETING_VERSION = 1.0;
				PRODUCT_BUNDLE_IDENTIFIER = com.bringyour.network;
				PRODUCT_NAME = "$(TARGET_NAME)";
				SDKROOT = auto;
				SUPPORTED_PLATFORMS = "iphoneos iphonesimulator";
				SUPPORTS_MACCATALYST = NO;
				SWIFT_EMIT_LOC_STRINGS = YES;
				SWIFT_VERSION = 5.0;
				TARGETED_DEVICE_FAMILY = "1,2";
				XROS_DEPLOYMENT_TARGET = 2.1;
			};
			name = Debug;
		};
		D1B95A762CEBDD6B00542E0E /* Release */ = {
			isa = XCBuildConfiguration;
			buildSettings = {
				ASSETCATALOG_COMPILER_APPICON_NAME = AppIcon;
				ASSETCATALOG_COMPILER_GLOBAL_ACCENT_COLOR_NAME = AccentColor;
				CODE_SIGN_ENTITLEMENTS = network/network.entitlements;
				CODE_SIGN_STYLE = Automatic;
				CURRENT_PROJECT_VERSION = 1;
				DEVELOPMENT_ASSET_PATHS = "\"network/Preview Content\"";
				DEVELOPMENT_TEAM = DWD39RZH9Z;
				ENABLE_HARDENED_RUNTIME = YES;
				ENABLE_PREVIEWS = YES;
				GENERATE_INFOPLIST_FILE = YES;
				INFOPLIST_FILE = "URnetwork-Info.plist";
				"INFOPLIST_KEY_UIApplicationSceneManifest_Generation[sdk=iphoneos*]" = YES;
				"INFOPLIST_KEY_UIApplicationSceneManifest_Generation[sdk=iphonesimulator*]" = YES;
				"INFOPLIST_KEY_UIApplicationSupportsIndirectInputEvents[sdk=iphoneos*]" = YES;
				"INFOPLIST_KEY_UIApplicationSupportsIndirectInputEvents[sdk=iphonesimulator*]" = YES;
				"INFOPLIST_KEY_UILaunchScreen_Generation[sdk=iphoneos*]" = YES;
				"INFOPLIST_KEY_UILaunchScreen_Generation[sdk=iphonesimulator*]" = YES;
				"INFOPLIST_KEY_UIStatusBarStyle[sdk=iphoneos*]" = UIStatusBarStyleDefault;
				"INFOPLIST_KEY_UIStatusBarStyle[sdk=iphonesimulator*]" = UIStatusBarStyleDefault;
				INFOPLIST_KEY_UISupportedInterfaceOrientations_iPad = "UIInterfaceOrientationPortrait UIInterfaceOrientationPortraitUpsideDown UIInterfaceOrientationLandscapeLeft UIInterfaceOrientationLandscapeRight";
				INFOPLIST_KEY_UISupportedInterfaceOrientations_iPhone = "UIInterfaceOrientationPortrait UIInterfaceOrientationLandscapeLeft UIInterfaceOrientationLandscapeRight";
				IPHONEOS_DEPLOYMENT_TARGET = 16.6;
				LD_RUNPATH_SEARCH_PATHS = "@executable_path/Frameworks";
				"LD_RUNPATH_SEARCH_PATHS[sdk=macosx*]" = "@executable_path/../Frameworks";
				MACOSX_DEPLOYMENT_TARGET = 15.1;
				MARKETING_VERSION = 1.0;
				PRODUCT_BUNDLE_IDENTIFIER = com.bringyour.network;
				PRODUCT_NAME = "$(TARGET_NAME)";
				SDKROOT = auto;
				SUPPORTED_PLATFORMS = "iphoneos iphonesimulator";
				SUPPORTS_MACCATALYST = NO;
				SWIFT_EMIT_LOC_STRINGS = YES;
				SWIFT_VERSION = 5.0;
				TARGETED_DEVICE_FAMILY = "1,2";
				XROS_DEPLOYMENT_TARGET = 2.1;
			};
			name = Release;
		};
		D1B95A782CEBDD6B00542E0E /* Debug */ = {
			isa = XCBuildConfiguration;
			buildSettings = {
				BUNDLE_LOADER = "$(TEST_HOST)";
				CODE_SIGN_STYLE = Automatic;
				CURRENT_PROJECT_VERSION = 1;
				DEVELOPMENT_TEAM = DWD39RZH9Z;
				GENERATE_INFOPLIST_FILE = YES;
				IPHONEOS_DEPLOYMENT_TARGET = 18.1;
				MACOSX_DEPLOYMENT_TARGET = 15.1;
				MARKETING_VERSION = 1.0;
				PRODUCT_BUNDLE_IDENTIFIER = com.bringyour.networkTests;
				PRODUCT_NAME = "$(TARGET_NAME)";
				SDKROOT = auto;
				SUPPORTED_PLATFORMS = "iphoneos iphonesimulator macosx xros xrsimulator";
				SWIFT_EMIT_LOC_STRINGS = NO;
				SWIFT_VERSION = 5.0;
				TARGETED_DEVICE_FAMILY = "1,2,7";
				TEST_HOST = "$(BUILT_PRODUCTS_DIR)/network.app/$(BUNDLE_EXECUTABLE_FOLDER_PATH)/network";
				XROS_DEPLOYMENT_TARGET = 2.1;
			};
			name = Debug;
		};
		D1B95A792CEBDD6B00542E0E /* Release */ = {
			isa = XCBuildConfiguration;
			buildSettings = {
				BUNDLE_LOADER = "$(TEST_HOST)";
				CODE_SIGN_STYLE = Automatic;
				CURRENT_PROJECT_VERSION = 1;
				DEVELOPMENT_TEAM = DWD39RZH9Z;
				GENERATE_INFOPLIST_FILE = YES;
				IPHONEOS_DEPLOYMENT_TARGET = 18.1;
				MACOSX_DEPLOYMENT_TARGET = 15.1;
				MARKETING_VERSION = 1.0;
				PRODUCT_BUNDLE_IDENTIFIER = com.bringyour.networkTests;
				PRODUCT_NAME = "$(TARGET_NAME)";
				SDKROOT = auto;
				SUPPORTED_PLATFORMS = "iphoneos iphonesimulator macosx xros xrsimulator";
				SWIFT_EMIT_LOC_STRINGS = NO;
				SWIFT_VERSION = 5.0;
				TARGETED_DEVICE_FAMILY = "1,2,7";
				TEST_HOST = "$(BUILT_PRODUCTS_DIR)/network.app/$(BUNDLE_EXECUTABLE_FOLDER_PATH)/network";
				XROS_DEPLOYMENT_TARGET = 2.1;
			};
			name = Release;
		};
		D1B95A7B2CEBDD6B00542E0E /* Debug */ = {
			isa = XCBuildConfiguration;
			buildSettings = {
				CODE_SIGN_STYLE = Automatic;
				CURRENT_PROJECT_VERSION = 1;
				DEVELOPMENT_TEAM = DWD39RZH9Z;
				GENERATE_INFOPLIST_FILE = YES;
				IPHONEOS_DEPLOYMENT_TARGET = 18.1;
				MACOSX_DEPLOYMENT_TARGET = 15.1;
				MARKETING_VERSION = 1.0;
				PRODUCT_BUNDLE_IDENTIFIER = com.bringyour.networkUITests;
				PRODUCT_NAME = "$(TARGET_NAME)";
				SDKROOT = auto;
				SUPPORTED_PLATFORMS = "iphoneos iphonesimulator macosx xros xrsimulator";
				SWIFT_EMIT_LOC_STRINGS = NO;
				SWIFT_VERSION = 5.0;
				TARGETED_DEVICE_FAMILY = "1,2,7";
				TEST_TARGET_NAME = network;
				XROS_DEPLOYMENT_TARGET = 2.1;
			};
			name = Debug;
		};
		D1B95A7C2CEBDD6B00542E0E /* Release */ = {
			isa = XCBuildConfiguration;
			buildSettings = {
				CODE_SIGN_STYLE = Automatic;
				CURRENT_PROJECT_VERSION = 1;
				DEVELOPMENT_TEAM = DWD39RZH9Z;
				GENERATE_INFOPLIST_FILE = YES;
				IPHONEOS_DEPLOYMENT_TARGET = 18.1;
				MACOSX_DEPLOYMENT_TARGET = 15.1;
				MARKETING_VERSION = 1.0;
				PRODUCT_BUNDLE_IDENTIFIER = com.bringyour.networkUITests;
				PRODUCT_NAME = "$(TARGET_NAME)";
				SDKROOT = auto;
				SUPPORTED_PLATFORMS = "iphoneos iphonesimulator macosx xros xrsimulator";
				SWIFT_EMIT_LOC_STRINGS = NO;
				SWIFT_VERSION = 5.0;
				TARGETED_DEVICE_FAMILY = "1,2,7";
				TEST_TARGET_NAME = network;
				XROS_DEPLOYMENT_TARGET = 2.1;
			};
			name = Release;
		};
		D1B95A8F2CEBE76400542E0E /* Debug */ = {
			isa = XCBuildConfiguration;
			buildSettings = {
				CODE_SIGN_ENTITLEMENTS = extension/extension.entitlements;
				CODE_SIGN_STYLE = Automatic;
				CURRENT_PROJECT_VERSION = 1;
				DEVELOPMENT_TEAM = DWD39RZH9Z;
				GENERATE_INFOPLIST_FILE = YES;
				INFOPLIST_FILE = extension/Info.plist;
				INFOPLIST_KEY_CFBundleDisplayName = URnetworkVPN;
				INFOPLIST_KEY_NSHumanReadableCopyright = "";
				IPHONEOS_DEPLOYMENT_TARGET = 15.6;
				LD_RUNPATH_SEARCH_PATHS = (
					"$(inherited)",
					"@executable_path/Frameworks",
					"@executable_path/../../Frameworks",
				);
				MARKETING_VERSION = 1.0;
				PRODUCT_BUNDLE_IDENTIFIER = com.bringyour.network.extension;
				PRODUCT_NAME = "$(TARGET_NAME)";
				SDKROOT = iphoneos;
				SKIP_INSTALL = YES;
				SWIFT_EMIT_LOC_STRINGS = YES;
				SWIFT_VERSION = 5.0;
				TARGETED_DEVICE_FAMILY = "1,2";
			};
			name = Debug;
		};
		D1B95A902CEBE76400542E0E /* Release */ = {
			isa = XCBuildConfiguration;
			buildSettings = {
				CODE_SIGN_ENTITLEMENTS = extension/extension.entitlements;
				CODE_SIGN_STYLE = Automatic;
				CURRENT_PROJECT_VERSION = 1;
				DEVELOPMENT_TEAM = DWD39RZH9Z;
				GENERATE_INFOPLIST_FILE = YES;
				INFOPLIST_FILE = extension/Info.plist;
				INFOPLIST_KEY_CFBundleDisplayName = URnetworkVPN;
				INFOPLIST_KEY_NSHumanReadableCopyright = "";
				IPHONEOS_DEPLOYMENT_TARGET = 15.6;
				LD_RUNPATH_SEARCH_PATHS = (
					"$(inherited)",
					"@executable_path/Frameworks",
					"@executable_path/../../Frameworks",
				);
				MARKETING_VERSION = 1.0;
				PRODUCT_BUNDLE_IDENTIFIER = com.bringyour.network.extension;
				PRODUCT_NAME = "$(TARGET_NAME)";
				SDKROOT = iphoneos;
				SKIP_INSTALL = YES;
				SWIFT_EMIT_LOC_STRINGS = YES;
				SWIFT_VERSION = 5.0;
				TARGETED_DEVICE_FAMILY = "1,2";
				VALIDATE_PRODUCT = YES;
			};
			name = Release;
		};
/* End XCBuildConfiguration section */

/* Begin XCConfigurationList section */
		D1B95A4A2CEBDD6900542E0E /* Build configuration list for PBXProject "network" */ = {
			isa = XCConfigurationList;
			buildConfigurations = (
				D1B95A722CEBDD6B00542E0E /* Debug */,
				D1B95A732CEBDD6B00542E0E /* Release */,
			);
			defaultConfigurationIsVisible = 0;
			defaultConfigurationName = Release;
		};
		D1B95A742CEBDD6B00542E0E /* Build configuration list for PBXNativeTarget "URnetwork" */ = {
			isa = XCConfigurationList;
			buildConfigurations = (
				D1B95A752CEBDD6B00542E0E /* Debug */,
				D1B95A762CEBDD6B00542E0E /* Release */,
			);
			defaultConfigurationIsVisible = 0;
			defaultConfigurationName = Release;
		};
		D1B95A772CEBDD6B00542E0E /* Build configuration list for PBXNativeTarget "networkTests" */ = {
			isa = XCConfigurationList;
			buildConfigurations = (
				D1B95A782CEBDD6B00542E0E /* Debug */,
				D1B95A792CEBDD6B00542E0E /* Release */,
			);
			defaultConfigurationIsVisible = 0;
			defaultConfigurationName = Release;
		};
		D1B95A7A2CEBDD6B00542E0E /* Build configuration list for PBXNativeTarget "networkUITests" */ = {
			isa = XCConfigurationList;
			buildConfigurations = (
				D1B95A7B2CEBDD6B00542E0E /* Debug */,
				D1B95A7C2CEBDD6B00542E0E /* Release */,
			);
			defaultConfigurationIsVisible = 0;
			defaultConfigurationName = Release;
		};
		D1B95A8E2CEBE76400542E0E /* Build configuration list for PBXNativeTarget "URnetworkVPN" */ = {
			isa = XCConfigurationList;
			buildConfigurations = (
				D1B95A8F2CEBE76400542E0E /* Debug */,
				D1B95A902CEBE76400542E0E /* Release */,
			);
			defaultConfigurationIsVisible = 0;
			defaultConfigurationName = Release;
		};
/* End XCConfigurationList section */

/* Begin XCLocalSwiftPackageReference section */
		D1829C202CEBF08F00920833 /* XCLocalSwiftPackageReference "URnetworkSdk" */ = {
			isa = XCLocalSwiftPackageReference;
			relativePath = URnetworkSdk;
		};
/* End XCLocalSwiftPackageReference section */

/* Begin XCSwiftPackageProductDependency section */
		D1829C212CEBF0D700920833 /* URnetworkSdk */ = {
			isa = XCSwiftPackageProductDependency;
			package = D1829C202CEBF08F00920833 /* XCLocalSwiftPackageReference "URnetworkSdk" */;
			productName = URnetworkSdk;
		};
		D1829C232CEBF0E300920833 /* URnetworkSdk */ = {
			isa = XCSwiftPackageProductDependency;
			package = D1829C202CEBF08F00920833 /* XCLocalSwiftPackageReference "URnetworkSdk" */;
			productName = URnetworkSdk;
		};
/* End XCSwiftPackageProductDependency section */
	};
	rootObject = D1B95A472CEBDD6900542E0E /* Project object */;
}
